
Microsoft Visual Studio Solution File, Format Version 12.00
# Visual Studio Version 17
VisualStudioVersion = 17.3.32929.385
MinimumVisualStudioVersion = 10.0.40219.1
Project("{8BC9CEB8-8B4A-11D0-8D11-00A0C91BC942}") = "06-Exercise", "06-Exercise\06-Exercise.vcxproj", "{DB5ACB67-8424-4897-93CD-AA8F4D7620EF}"
EndProject
Global
	GlobalSection(SolutionConfigurationPlatforms) = preSolution
		Debug|x64 = Debug|x64
		Debug|x86 = Debug|x86
		Release|x64 = Release|x64
		Release|x86 = Release|x86
	EndGlobalSection
	GlobalSection(ProjectConfigurationPlatforms) = postSolution
		{DB5ACB67-8424-4897-93CD-AA8F4D7620EF}.Debug|x64.ActiveCfg = Debug|x64
		{DB5ACB67-8424-4897-93CD-AA8F4D7620EF}.Debug|x64.Build.0 = Debug|x64
		{DB5ACB67-8424-4897-93CD-AA8F4D7620EF}.Debug|x86.ActiveCfg = Debug|Win32
		{DB5ACB67-8424-4897-93CD-AA8F4D7620EF}.Debug|x86.Build.0 = Debug|Win32
		{DB5ACB67-8424-4897-93CD-AA8F4D7620EF}.Release|x64.ActiveCfg = Release|x64
		{DB5ACB67-8424-4897-93CD-AA8F4D7620EF}.Release|x64.Build.0 = Release|x64
		{DB5ACB67-8424-4897-93CD-AA8F4D7620EF}.Release|x86.ActiveCfg = Release|Win32
		{DB5ACB67-8424-4897-93CD-AA8F4D7620EF}.Release|x86.Build.0 = Release|Win32
	EndGlobalSection
	GlobalSection(SolutionProperties) = preSolution
		HideSolutionNode = FALSE
	EndGlobalSection
	GlobalSection(ExtensibilityGlobals) = postSolution
		SolutionGuid = {CC7F0772-A8CC-407B-905C-CD60B370EFB5}
	EndGlobalSection
EndGlobal
